Microsoft Visual Studio Solution File, Format Version 12.00
# Visual Studio Version 16
VisualStudioVersion = 16.0.28315.86
MinimumVisualStudioVersion = 10.0.40219.1
Project("{8BC9CEB8-8B4A-11D0-8D11-00A0C91BC942}") = "libxslt", "libxslt.vcxproj", "{8A10B835-7B62-4F92-A8D7-A68C96E7DD80}"
EndProject
Project("{8BC9CEB8-8B4A-11D0-8D11-00A0C91BC942}") = "libexslt", "libexslt.vcxproj", "{17AF1CC0-8E07-48DA-9AE4-1EFC7E9D6676}"
	ProjectSection(ProjectDependencies) = postProject
		{8A10B835-7B62-4F92-A8D7-A68C96E7DD80} = {8A10B835-7B62-4F92-A8D7-A68C96E7DD80}
	EndProjectSection
EndProject
Project("{8BC9CEB8-8B4A-11D0-8D11-00A0C91BC942}") = "xsltproc", "xsltproc.vcxproj", "{C3C7D03A-A2AA-4D30-96EB-7F0FE98EF4BB}"
	ProjectSection(ProjectDependencies) = postProject
		{8A10B835-7B62-4F92-A8D7-A68C96E7DD80} = {8A10B835-7B62-4F92-A8D7-A68C96E7DD80}
		{17AF1CC0-8E07-48DA-9AE4-1EFC7E9D6676} = {17AF1CC0-8E07-48DA-9AE4-1EFC7E9D6676}
	EndProjectSection
EndProject
Project("{8BC9CEB8-8B4A-11D0-8D11-00A0C91BC942}") = "testThreads", "testThreads.vcxproj", "{28FB475B-7CFE-481F-B969-EF56C908D90A}"
	ProjectSection(ProjectDependencies) = postProject
		{8A10B835-7B62-4F92-A8D7-A68C96E7DD80} = {8A10B835-7B62-4F92-A8D7-A68C96E7DD80}
		{17AF1CC0-8E07-48DA-9AE4-1EFC7E9D6676} = {17AF1CC0-8E07-48DA-9AE4-1EFC7E9D6676}
	EndProjectSection
EndProject
Global
	GlobalSection(SolutionConfigurationPlatforms) = preSolution
		Debug|Win32 = Debug|Win32
		Debug|x64 = Debug|x64
		Release|Win32 = Release|Win32
		Release|x64 = Release|x64
		vs2010_Debug|Win32 = vs2010_Debug|Win32
		vs2010_Debug|x64 = vs2010_Debug|x64
		vs2010_Release|Win32 = vs2010_Release|Win32
		vs2010_Release|x64 = vs2010_Release|x64
		vs2012_Debug|Win32 = vs2012_Debug|Win32
		vs2012_Debug|x64 = vs2012_Debug|x64
		vs2012_Release|Win32 = vs2012_Release|Win32
		vs2012_Release|x64 = vs2012_Release|x64
		vs2015_Debug|Win32 = vs2015_Debug|Win32
		vs2015_Debug|x64 = vs2015_Debug|x64
		vs2015_Release|Win32 = vs2015_Release|Win32
		vs2015_Release|x64 = vs2015_Release|x64
		vs2017_Debug|Win32 = vs2017_Debug|Win32
		vs2017_Debug|x64 = vs2017_Debug|x64
		vs2017_Release|Win32 = vs2017_Release|Win32
		vs2017_Release|x64 = vs2017_Release|x64
		vs2019_Debug|Win32 = vs2019_Debug|Win32
		vs2019_Debug|x64 = vs2019_Debug|x64
		vs2019_Release|Win32 = vs2019_Release|Win32
		vs2019_Release|x64 = vs2019_Release|x64
	EndGlobalSection
	GlobalSection(ProjectConfigurationPlatforms) = postSolution
		{8A10B835-7B62-4F92-A8D7-A68C96E7DD80}.Debug|Win32.ActiveCfg = Debug|Win32
		{8A10B835-7B62-4F92-A8D7-A68C96E7DD80}.Debug|Win32.Build.0 = Debug|Win32
		{8A10B835-7B62-4F92-A8D7-A68C96E7DD80}.Debug|x64.ActiveCfg = Debug|x64
		{8A10B835-7B62-4F92-A8D7-A68C96E7DD80}.Debug|x64.Build.0 = Debug|x64
		{8A10B835-7B62-4F92-A8D7-A68C96E7DD80}.Release|Win32.ActiveCfg = Release|Win32
		{8A10B835-7B62-4F92-A8D7-A68C96E7DD80}.Release|Win32.Build.0 = Release|Win32
		{8A10B835-7B62-4F92-A8D7-A68C96E7DD80}.Release|x64.ActiveCfg = Release|x64
		{8A10B835-7B62-4F92-A8D7-A68C96E7DD80}.Release|x64.Build.0 = Release|x64
		{8A10B835-7B62-4F92-A8D7-A68C96E7DD80}.vs2010_Debug|Win32.ActiveCfg = vs2010_Debug|Win32
		{8A10B835-7B62-4F92-A8D7-A68C96E7DD80}.vs2010_Debug|Win32.Build.0 = vs2010_Debug|Win32
		{8A10B835-7B62-4F92-A8D7-A68C96E7DD80}.vs2010_Debug|x64.ActiveCfg = vs2010_Debug|x64
		{8A10B835-7B62-4F92-A8D7-A68C96E7DD80}.vs2010_Debug|x64.Build.0 = vs2010_Debug|x64
		{8A10B835-7B62-4F92-A8D7-A68C96E7DD80}.vs2010_Release|Win32.ActiveCfg = vs2010_Release|Win32
		{8A10B835-7B62-4F92-A8D7-A68C96E7DD80}.vs2010_Release|Win32.Build.0 = vs2010_Release|Win32
		{8A10B835-7B62-4F92-A8D7-A68C96E7DD80}.vs2010_Release|x64.ActiveCfg = vs2010_Release|x64
		{8A10B835-7B62-4F92-A8D7-A68C96E7DD80}.vs2010_Release|x64.Build.0 = vs2010_Release|x64
		{8A10B835-7B62-4F92-A8D7-A68C96E7DD80}.vs2012_Debug|Win32.ActiveCfg = vs2012_Debug|Win32
		{8A10B835-7B62-4F92-A8D7-A68C96E7DD80}.vs2012_Debug|Win32.Build.0 = vs2012_Debug|Win32
		{8A10B835-7B62-4F92-A8D7-A68C96E7DD80}.vs2012_Debug|x64.ActiveCfg = vs2012_Debug|x64
		{8A10B835-7B62-4F92-A8D7-A68C96E7DD80}.vs2012_Debug|x64.Build.0 = vs2012_Debug|x64
		{8A10B835-7B62-4F92-A8D7-A68C96E7DD80}.vs2012_Release|Win32.ActiveCfg = vs2012_Release|Win32
		{8A10B835-7B62-4F92-A8D7-A68C96E7DD80}.vs2012_Release|Win32.Build.0 = vs2012_Release|Win32
		{8A10B835-7B62-4F92-A8D7-A68C96E7DD80}.vs2012_Release|x64.ActiveCfg = vs2012_Release|x64
		{8A10B835-7B62-4F92-A8D7-A68C96E7DD80}.vs2012_Release|x64.Build.0 = vs2012_Release|x64
		{8A10B835-7B62-4F92-A8D7-A68C96E7DD80}.vs2015_Debug|Win32.ActiveCfg = vs2015_Debug|Win32
		{8A10B835-7B62-4F92-A8D7-A68C96E7DD80}.vs2015_Debug|Win32.Build.0 = vs2015_Debug|Win32
		{8A10B835-7B62-4F92-A8D7-A68C96E7DD80}.vs2015_Debug|x64.ActiveCfg = vs2015_Debug|x64
		{8A10B835-7B62-4F92-A8D7-A68C96E7DD80}.vs2015_Debug|x64.Build.0 = vs2015_Debug|x64
		{8A10B835-7B62-4F92-A8D7-A68C96E7DD80}.vs2015_Release|Win32.ActiveCfg = vs2015_Release|Win32
		{8A10B835-7B62-4F92-A8D7-A68C96E7DD80}.vs2015_Release|Win32.Build.0 = vs2015_Release|Win32
		{8A10B835-7B62-4F92-A8D7-A68C96E7DD80}.vs2015_Release|x64.ActiveCfg = vs2015_Release|x64
		{8A10B835-7B62-4F92-A8D7-A68C96E7DD80}.vs2015_Release|x64.Build.0 = vs2015_Release|x64
		{8A10B835-7B62-4F92-A8D7-A68C96E7DD80}.vs2017_Debug|Win32.ActiveCfg = vs2017_Debug|Win32
		{8A10B835-7B62-4F92-A8D7-A68C96E7DD80}.vs2017_Debug|Win32.Build.0 = vs2017_Debug|Win32
		{8A10B835-7B62-4F92-A8D7-A68C96E7DD80}.vs2017_Debug|x64.ActiveCfg = vs2017_Debug|x64
		{8A10B835-7B62-4F92-A8D7-A68C96E7DD80}.vs2017_Debug|x64.Build.0 = vs2017_Debug|x64
		{8A10B835-7B62-4F92-A8D7-A68C96E7DD80}.vs2017_Release|Win32.ActiveCfg = vs2017_Release|Win32
		{8A10B835-7B62-4F92-A8D7-A68C96E7DD80}.vs2017_Release|Win32.Build.0 = vs2017_Release|Win32
		{8A10B835-7B62-4F92-A8D7-A68C96E7DD80}.vs2017_Release|x64.ActiveCfg = vs2017_Release|x64
		{8A10B835-7B62-4F92-A8D7-A68C96E7DD80}.vs2017_Release|x64.Build.0 = vs2017_Release|x64
		{8A10B835-7B62-4F92-A8D7-A68C96E7DD80}.vs2019_Debug|Win32.ActiveCfg = vs2019_Debug|Win32
		{8A10B835-7B62-4F92-A8D7-A68C96E7DD80}.vs2019_Debug|Win32.Build.0 = vs2019_Debug|Win32
		{8A10B835-7B62-4F92-A8D7-A68C96E7DD80}.vs2019_Debug|x64.ActiveCfg = vs2019_Debug|x64
		{8A10B835-7B62-4F92-A8D7-A68C96E7DD80}.vs2019_Debug|x64.Build.0 = vs2019_Debug|x64
		{8A10B835-7B62-4F92-A8D7-A68C96E7DD80}.vs2019_Release|Win32.ActiveCfg = vs2019_Release|Win32
		{8A10B835-7B62-4F92-A8D7-A68C96E7DD80}.vs2019_Release|Win32.Build.0 = vs2019_Release|Win32
		{8A10B835-7B62-4F92-A8D7-A68C96E7DD80}.vs2019_Release|x64.ActiveCfg = vs2019_Release|x64
		{8A10B835-7B62-4F92-A8D7-A68C96E7DD80}.vs2019_Release|x64.Build.0 = vs2019_Release|x64
		{17AF1CC0-8E07-48DA-9AE4-1EFC7E9D6676}.Debug|Win32.ActiveCfg = Debug|Win32
		{17AF1CC0-8E07-48DA-9AE4-1EFC7E9D6676}.Debug|Win32.Build.0 = Debug|Win32
		{17AF1CC0-8E07-48DA-9AE4-1EFC7E9D6676}.Debug|x64.ActiveCfg = Debug|x64
		{17AF1CC0-8E07-48DA-9AE4-1EFC7E9D6676}.Debug|x64.Build.0 = Debug|x64
		{17AF1CC0-8E07-48DA-9AE4-1EFC7E9D6676}.Release|Win32.ActiveCfg = Release|Win32
		{17AF1CC0-8E07-48DA-9AE4-1EFC7E9D6676}.Release|Win32.Build.0 = Release|Win32
		{17AF1CC0-8E07-48DA-9AE4-1EFC7E9D6676}.Release|x64.ActiveCfg = Release|x64
		{17AF1CC0-8E07-48DA-9AE4-1EFC7E9D6676}.Release|x64.Build.0 = Release|x64
		{17AF1CC0-8E07-48DA-9AE4-1EFC7E9D6676}.vs2010_Debug|Win32.ActiveCfg = vs2010_Debug|Win32
		{17AF1CC0-8E07-48DA-9AE4-1EFC7E9D6676}.vs2010_Debug|Win32.Build.0 = vs2010_Debug|Win32
		{17AF1CC0-8E07-48DA-9AE4-1EFC7E9D6676}.vs2010_Debug|x64.ActiveCfg = vs2010_Debug|x64
		{17AF1CC0-8E07-48DA-9AE4-1EFC7E9D6676}.vs2010_Debug|x64.Build.0 = vs2010_Debug|x64
		{17AF1CC0-8E07-48DA-9AE4-1EFC7E9D6676}.vs2010_Release|Win32.ActiveCfg = vs2010_Release|Win32
		{17AF1CC0-8E07-48DA-9AE4-1EFC7E9D6676}.vs2010_Release|Win32.Build.0 = vs2010_Release|Win32
		{17AF1CC0-8E07-48DA-9AE4-1EFC7E9D6676}.vs2010_Release|x64.ActiveCfg = vs2010_Release|x64
		{17AF1CC0-8E07-48DA-9AE4-1EFC7E9D6676}.vs2010_Release|x64.Build.0 = vs2010_Release|x64
		{17AF1CC0-8E07-48DA-9AE4-1EFC7E9D6676}.vs2012_Debug|Win32.ActiveCfg = vs2012_Debug|Win32
		{17AF1CC0-8E07-48DA-9AE4-1EFC7E9D6676}.vs2012_Debug|Win32.Build.0 = vs2012_Debug|Win32
		{17AF1CC0-8E07-48DA-9AE4-1EFC7E9D6676}.vs2012_Debug|x64.ActiveCfg = vs2012_Debug|x64
		{17AF1CC0-8E07-48DA-9AE4-1EFC7E9D6676}.vs2012_Debug|x64.Build.0 = vs2012_Debug|x64
		{17AF1CC0-8E07-48DA-9AE4-1EFC7E9D6676}.vs2012_Release|Win32.ActiveCfg = vs2012_Release|Win32
		{17AF1CC0-8E07-48DA-9AE4-1EFC7E9D6676}.vs2012_Release|Win32.Build.0 = vs2012_Release|Win32
		{17AF1CC0-8E07-48DA-9AE4-1EFC7E9D6676}.vs2012_Release|x64.ActiveCfg = vs2012_Release|x64
		{17AF1CC0-8E07-48DA-9AE4-1EFC7E9D6676}.vs2012_Release|x64.Build.0 = vs2012_Release|x64
		{17AF1CC0-8E07-48DA-9AE4-1EFC7E9D6676}.vs2015_Debug|Win32.ActiveCfg = vs2015_Debug|Win32
		{17AF1CC0-8E07-48DA-9AE4-1EFC7E9D6676}.vs2015_Debug|Win32.Build.0 = vs2015_Debug|Win32
		{17AF1CC0-8E07-48DA-9AE4-1EFC7E9D6676}.vs2015_Debug|x64.ActiveCfg = vs2015_Debug|x64
		{17AF1CC0-8E07-48DA-9AE4-1EFC7E9D6676}.vs2015_Debug|x64.Build.0 = vs2015_Debug|x64
		{17AF1CC0-8E07-48DA-9AE4-1EFC7E9D6676}.vs2015_Release|Win32.ActiveCfg = vs2015_Release|Win32
		{17AF1CC0-8E07-48DA-9AE4-1EFC7E9D6676}.vs2015_Release|Win32.Build.0 = vs2015_Release|Win32
		{17AF1CC0-8E07-48DA-9AE4-1EFC7E9D6676}.vs2015_Release|x64.ActiveCfg = vs2015_Release|x64
		{17AF1CC0-8E07-48DA-9AE4-1EFC7E9D6676}.vs2015_Release|x64.Build.0 = vs2015_Release|x64
		{17AF1CC0-8E07-48DA-9AE4-1EFC7E9D6676}.vs2017_Debug|Win32.ActiveCfg = vs2017_Debug|Win32
		{17AF1CC0-8E07-48DA-9AE4-1EFC7E9D6676}.vs2017_Debug|Win32.Build.0 = vs2017_Debug|Win32
		{17AF1CC0-8E07-48DA-9AE4-1EFC7E9D6676}.vs2017_Debug|x64.ActiveCfg = vs2017_Debug|x64
		{17AF1CC0-8E07-48DA-9AE4-1EFC7E9D6676}.vs2017_Debug|x64.Build.0 = vs2017_Debug|x64
		{17AF1CC0-8E07-48DA-9AE4-1EFC7E9D6676}.vs2017_Release|Win32.ActiveCfg = vs2017_Release|Win32
		{17AF1CC0-8E07-48DA-9AE4-1EFC7E9D6676}.vs2017_Release|Win32.Build.0 = vs2017_Release|Win32
		{17AF1CC0-8E07-48DA-9AE4-1EFC7E9D6676}.vs2017_Release|x64.ActiveCfg = vs2017_Release|x64
		{17AF1CC0-8E07-48DA-9AE4-1EFC7E9D6676}.vs2017_Release|x64.Build.0 = vs2017_Release|x64
		{17AF1CC0-8E07-48DA-9AE4-1EFC7E9D6676}.vs2019_Debug|Win32.ActiveCfg = vs2019_Debug|Win32
		{17AF1CC0-8E07-48DA-9AE4-1EFC7E9D6676}.vs2019_Debug|Win32.Build.0 = vs2019_Debug|Win32
		{17AF1CC0-8E07-48DA-9AE4-1EFC7E9D6676}.vs2019_Debug|x64.ActiveCfg = vs2019_Debug|x64
		{17AF1CC0-8E07-48DA-9AE4-1EFC7E9D6676}.vs2019_Debug|x64.Build.0 = vs2019_Debug|x64
		{17AF1CC0-8E07-48DA-9AE4-1EFC7E9D6676}.vs2019_Release|Win32.ActiveCfg = vs2019_Release|Win32
		{17AF1CC0-8E07-48DA-9AE4-1EFC7E9D6676}.vs2019_Release|Win32.Build.0 = vs2019_Release|Win32
		{17AF1CC0-8E07-48DA-9AE4-1EFC7E9D6676}.vs2019_Release|x64.ActiveCfg = vs2019_Release|x64
		{17AF1CC0-8E07-48DA-9AE4-1EFC7E9D6676}.vs2019_Release|x64.Build.0 = vs2019_Release|x64
		{C3C7D03A-A2AA-4D30-96EB-7F0FE98EF4BB}.Debug|Win32.ActiveCfg = Debug|Win32
		{C3C7D03A-A2AA-4D30-96EB-7F0FE98EF4BB}.Debug|Win32.Build.0 = Debug|Win32
		{C3C7D03A-A2AA-4D30-96EB-7F0FE98EF4BB}.Debug|x64.ActiveCfg = Debug|x64
		{C3C7D03A-A2AA-4D30-96EB-7F0FE98EF4BB}.Debug|x64.Build.0 = Debug|x64
		{C3C7D03A-A2AA-4D30-96EB-7F0FE98EF4BB}.Release|Win32.ActiveCfg = Release|Win32
		{C3C7D03A-A2AA-4D30-96EB-7F0FE98EF4BB}.Release|Win32.Build.0 = Release|Win32
		{C3C7D03A-A2AA-4D30-96EB-7F0FE98EF4BB}.Release|x64.ActiveCfg = Release|x64
		{C3C7D03A-A2AA-4D30-96EB-7F0FE98EF4BB}.Release|x64.Build.0 = Release|x64
		{C3C7D03A-A2AA-4D30-96EB-7F0FE98EF4BB}.vs2010_Debug|Win32.ActiveCfg = vs2010_Debug|Win32
		{C3C7D03A-A2AA-4D30-96EB-7F0FE98EF4BB}.vs2010_Debug|Win32.Build.0 = vs2010_Debug|Win32
		{C3C7D03A-A2AA-4D30-96EB-7F0FE98EF4BB}.vs2010_Debug|x64.ActiveCfg = vs2010_Debug|x64
		{C3C7D03A-A2AA-4D30-96EB-7F0FE98EF4BB}.vs2010_Debug|x64.Build.0 = vs2010_Debug|x64
		{C3C7D03A-A2AA-4D30-96EB-7F0FE98EF4BB}.vs2010_Release|Win32.ActiveCfg = vs2010_Release|Win32
		{C3C7D03A-A2AA-4D30-96EB-7F0FE98EF4BB}.vs2010_Release|Win32.Build.0 = vs2010_Release|Win32
		{C3C7D03A-A2AA-4D30-96EB-7F0FE98EF4BB}.vs2010_Release|x64.ActiveCfg = vs2010_Release|x64
		{C3C7D03A-A2AA-4D30-96EB-7F0FE98EF4BB}.vs2010_Release|x64.Build.0 = vs2010_Release|x64
		{C3C7D03A-A2AA-4D30-96EB-7F0FE98EF4BB}.vs2012_Debug|Win32.ActiveCfg = vs2012_Debug|Win32
		{C3C7D03A-A2AA-4D30-96EB-7F0FE98EF4BB}.vs2012_Debug|Win32.Build.0 = vs2012_Debug|Win32
		{C3C7D03A-A2AA-4D30-96EB-7F0FE98EF4BB}.vs2012_Debug|x64.ActiveCfg = vs2012_Debug|x64
		{C3C7D03A-A2AA-4D30-96EB-7F0FE98EF4BB}.vs2012_Debug|x64.Build.0 = vs2012_Debug|x64
		{C3C7D03A-A2AA-4D30-96EB-7F0FE98EF4BB}.vs2012_Release|Win32.ActiveCfg = vs2012_Release|Win32
		{C3C7D03A-A2AA-4D30-96EB-7F0FE98EF4BB}.vs2012_Release|Win32.Build.0 = vs2012_Release|Win32
		{C3C7D03A-A2AA-4D30-96EB-7F0FE98EF4BB}.vs2012_Release|x64.ActiveCfg = vs2012_Release|x64
		{C3C7D03A-A2AA-4D30-96EB-7F0FE98EF4BB}.vs2012_Release|x64.Build.0 = vs2012_Release|x64
		{C3C7D03A-A2AA-4D30-96EB-7F0FE98EF4BB}.vs2015_Debug|Win32.ActiveCfg = vs2015_Debug|Win32
		{C3C7D03A-A2AA-4D30-96EB-7F0FE98EF4BB}.vs2015_Debug|Win32.Build.0 = vs2015_Debug|Win32
		{C3C7D03A-A2AA-4D30-96EB-7F0FE98EF4BB}.vs2015_Debug|x64.ActiveCfg = vs2015_Debug|x64
		{C3C7D03A-A2AA-4D30-96EB-7F0FE98EF4BB}.vs2015_Debug|x64.Build.0 = vs2015_Debug|x64
		{C3C7D03A-A2AA-4D30-96EB-7F0FE98EF4BB}.vs2015_Release|Win32.ActiveCfg = vs2015_Release|Win32
		{C3C7D03A-A2AA-4D30-96EB-7F0FE98EF4BB}.vs2015_Release|Win32.Build.0 = vs2015_Release|Win32
		{C3C7D03A-A2AA-4D30-96EB-7F0FE98EF4BB}.vs2015_Release|x64.ActiveCfg = vs2015_Release|x64
		{C3C7D03A-A2AA-4D30-96EB-7F0FE98EF4BB}.vs2015_Release|x64.Build.0 = vs2015_Release|x64
		{C3C7D03A-A2AA-4D30-96EB-7F0FE98EF4BB}.vs2017_Debug|Win32.ActiveCfg = vs2017_Debug|Win32
		{C3C7D03A-A2AA-4D30-96EB-7F0FE98EF4BB}.vs2017_Debug|Win32.Build.0 = vs2017_Debug|Win32
		{C3C7D03A-A2AA-4D30-96EB-7F0FE98EF4BB}.vs2017_Debug|x64.ActiveCfg = vs2017_Debug|x64
		{C3C7D03A-A2AA-4D30-96EB-7F0FE98EF4BB}.vs2017_Debug|x64.Build.0 = vs2017_Debug|x64
		{C3C7D03A-A2AA-4D30-96EB-7F0FE98EF4BB}.vs2017_Release|Win32.ActiveCfg = vs2017_Release|Win32
		{C3C7D03A-A2AA-4D30-96EB-7F0FE98EF4BB}.vs2017_Release|Win32.Build.0 = vs2017_Release|Win32
		{C3C7D03A-A2AA-4D30-96EB-7F0FE98EF4BB}.vs2017_Release|x64.ActiveCfg = vs2017_Release|x64
		{C3C7D03A-A2AA-4D30-96EB-7F0FE98EF4BB}.vs2017_Release|x64.Build.0 = vs2017_Release|x64
		{C3C7D03A-A2AA-4D30-96EB-7F0FE98EF4BB}.vs2019_Debug|Win32.ActiveCfg = vs2019_Debug|Win32
		{C3C7D03A-A2AA-4D30-96EB-7F0FE98EF4BB}.vs2019_Debug|Win32.Build.0 = vs2019_Debug|Win32
		{C3C7D03A-A2AA-4D30-96EB-7F0FE98EF4BB}.vs2019_Debug|x64.ActiveCfg = vs2019_Debug|x64
		{C3C7D03A-A2AA-4D30-96EB-7F0FE98EF4BB}.vs2019_Debug|x64.Build.0 = vs2019_Debug|x64
		{C3C7D03A-A2AA-4D30-96EB-7F0FE98EF4BB}.vs2019_Release|Win32.ActiveCfg = vs2019_Release|Win32
		{C3C7D03A-A2AA-4D30-96EB-7F0FE98EF4BB}.vs2019_Release|Win32.Build.0 = vs2019_Release|Win32
		{C3C7D03A-A2AA-4D30-96EB-7F0FE98EF4BB}.vs2019_Release|x64.ActiveCfg = vs2019_Release|x64
		{C3C7D03A-A2AA-4D30-96EB-7F0FE98EF4BB}.vs2019_Release|x64.Build.0 = vs2019_Release|x64
		{28FB475B-7CFE-481F-B969-EF56C908D90A}.Debug|Win32.ActiveCfg = Debug|Win32
		{28FB475B-7CFE-481F-B969-EF56C908D90A}.Debug|Win32.Build.0 = Debug|Win32
		{28FB475B-7CFE-481F-B969-EF56C908D90A}.Debug|x64.ActiveCfg = Debug|x64
		{28FB475B-7CFE-481F-B969-EF56C908D90A}.Debug|x64.Build.0 = Debug|x64
		{28FB475B-7CFE-481F-B969-EF56C908D90A}.Release|Win32.ActiveCfg = Release|Win32
		{28FB475B-7CFE-481F-B969-EF56C908D90A}.Release|Win32.Build.0 = Release|Win32
		{28FB475B-7CFE-481F-B969-EF56C908D90A}.Release|x64.ActiveCfg = Release|x64
		{28FB475B-7CFE-481F-B969-EF56C908D90A}.Release|x64.Build.0 = Release|x64
		{28FB475B-7CFE-481F-B969-EF56C908D90A}.vs2010_Debug|Win32.ActiveCfg = vs2010_Debug|Win32
		{28FB475B-7CFE-481F-B969-EF56C908D90A}.vs2010_Debug|Win32.Build.0 = vs2010_Debug|Win32
		{28FB475B-7CFE-481F-B969-EF56C908D90A}.vs2010_Debug|x64.ActiveCfg = vs2010_Debug|x64
		{28FB475B-7CFE-481F-B969-EF56C908D90A}.vs2010_Debug|x64.Build.0 = vs2010_Debug|x64
		{28FB475B-7CFE-481F-B969-EF56C908D90A}.vs2010_Release|Win32.ActiveCfg = vs2010_Release|Win32
		{28FB475B-7CFE-481F-B969-EF56C908D90A}.vs2010_Release|Win32.Build.0 = vs2010_Release|Win32
		{28FB475B-7CFE-481F-B969-EF56C908D90A}.vs2010_Release|x64.ActiveCfg = vs2010_Release|x64
		{28FB475B-7CFE-481F-B969-EF56C908D90A}.vs2010_Release|x64.Build.0 = vs2010_Release|x64
		{28FB475B-7CFE-481F-B969-EF56C908D90A}.vs2012_Debug|Win32.ActiveCfg = vs2012_Debug|Win32
		{28FB475B-7CFE-481F-B969-EF56C908D90A}.vs2012_Debug|Win32.Build.0 = vs2012_Debug|Win32
		{28FB475B-7CFE-481F-B969-EF56C908D90A}.vs2012_Debug|x64.ActiveCfg = vs2012_Debug|x64
		{28FB475B-7CFE-481F-B969-EF56C908D90A}.vs2012_Debug|x64.Build.0 = vs2012_Debug|x64
		{28FB475B-7CFE-481F-B969-EF56C908D90A}.vs2012_Release|Win32.ActiveCfg = vs2012_Release|Win32
		{28FB475B-7CFE-481F-B969-EF56C908D90A}.vs2012_Release|Win32.Build.0 = vs2012_Release|Win32
		{28FB475B-7CFE-481F-B969-EF56C908D90A}.vs2012_Release|x64.ActiveCfg = vs2012_Release|x64
		{28FB475B-7CFE-481F-B969-EF56C908D90A}.vs2012_Release|x64.Build.0 = vs2012_Release|x64
		{28FB475B-7CFE-481F-B969-EF56C908D90A}.vs2015_Debug|Win32.ActiveCfg = vs2015_Debug|Win32
		{28FB475B-7CFE-481F-B969-EF56C908D90A}.vs2015_Debug|Win32.Build.0 = vs2015_Debug|Win32
		{28FB475B-7CFE-481F-B969-EF56C908D90A}.vs2015_Debug|x64.ActiveCfg = vs2015_Debug|x64
		{28FB475B-7CFE-481F-B969-EF56C908D90A}.vs2015_Debug|x64.Build.0 = vs2015_Debug|x64
		{28FB475B-7CFE-481F-B969-EF56C908D90A}.vs2015_Release|Win32.ActiveCfg = vs2015_Release|Win32
		{28FB475B-7CFE-481F-B969-EF56C908D90A}.vs2015_Release|Win32.Build.0 = vs2015_Release|Win32
		{28FB475B-7CFE-481F-B969-EF56C908D90A}.vs2015_Release|x64.ActiveCfg = vs2015_Release|x64
		{28FB475B-7CFE-481F-B969-EF56C908D90A}.vs2015_Release|x64.Build.0 = vs2015_Release|x64
		{28FB475B-7CFE-481F-B969-EF56C908D90A}.vs2017_Debug|Win32.ActiveCfg = vs2017_Debug|Win32
		{28FB475B-7CFE-481F-B969-EF56C908D90A}.vs2017_Debug|Win32.Build.0 = vs2017_Debug|Win32
		{28FB475B-7CFE-481F-B969-EF56C908D90A}.vs2017_Debug|x64.ActiveCfg = vs2017_Debug|x64
		{28FB475B-7CFE-481F-B969-EF56C908D90A}.vs2017_Debug|x64.Build.0 = vs2017_Debug|x64
		{28FB475B-7CFE-481F-B969-EF56C908D90A}.vs2017_Release|Win32.ActiveCfg = vs2017_Release|Win32
		{28FB475B-7CFE-481F-B969-EF56C908D90A}.vs2017_Release|Win32.Build.0 = vs2017_Release|Win32
		{28FB475B-7CFE-481F-B969-EF56C908D90A}.vs2017_Release|x64.ActiveCfg = vs2017_Release|x64
		{28FB475B-7CFE-481F-B969-EF56C908D90A}.vs2017_Release|x64.Build.0 = vs2017_Release|x64
		{28FB475B-7CFE-481F-B969-EF56C908D90A}.vs2019_Debug|Win32.ActiveCfg = vs2019_Debug|Win32
		{28FB475B-7CFE-481F-B969-EF56C908D90A}.vs2019_Debug|Win32.Build.0 = vs2019_Debug|Win32
		{28FB475B-7CFE-481F-B969-EF56C908D90A}.vs2019_Debug|x64.ActiveCfg = vs2019_Debug|x64
		{28FB475B-7CFE-481F-B969-EF56C908D90A}.vs2019_Debug|x64.Build.0 = vs2019_Debug|x64
		{28FB475B-7CFE-481F-B969-EF56C908D90A}.vs2019_Release|Win32.ActiveCfg = vs2019_Release|Win32
		{28FB475B-7CFE-481F-B969-EF56C908D90A}.vs2019_Release|Win32.Build.0 = vs2019_Release|Win32
		{28FB475B-7CFE-481F-B969-EF56C908D90A}.vs2019_Release|x64.ActiveCfg = vs2019_Release|x64
		{28FB475B-7CFE-481F-B969-EF56C908D90A}.vs2019_Release|x64.Build.0 = vs2019_Release|x64
	EndGlobalSection
	GlobalSection(SolutionProperties) = preSolution
		HideSolutionNode = FALSE
	EndGlobalSection
	GlobalSection(ExtensibilityGlobals) = postSolution
		SolutionGuid = {AAB3F225-8BC1-4F07-8094-237BCCAC6195}
	EndGlobalSection
EndGlobal
